
Microsoft Visual Studio Solution File, Format Version 12.00
# Visual Studio Version 17
VisualStudioVersion = 17.5.33516.290
MinimumVisualStudioVersion = 10.0.40219.1
Project("{9A19103F-16F7-4668-BE54-9A1E7A4F7556}") = "UserDataApi", "UserDataApi\UserDataApi.csproj", "{2DCD42A8-7478-4E4D-A003-9BC30A82A4E9}"
EndProject
Global
	GlobalSection(SolutionConfigurationPlatforms) = preSolution
		Debug|Any CPU = Debug|Any CPU
		Release|Any CPU = Release|Any CPU
	EndGlobalSection
	GlobalSection(ProjectConfigurationPlatforms) = postSolution
		{2DCD42A8-7478-4E4D-A003-9BC30A82A4E9}.Debug|Any CPU.ActiveCfg = Debug|Any CPU
		{2DCD42A8-7478-4E4D-A003-9BC30A82A4E9}.Debug|Any CPU.Build.0 = Debug|Any CPU
		{2DCD42A8-7478-4E4D-A003-9BC30A82A4E9}.Release|Any CPU.ActiveCfg = Release|Any CPU
		{2DCD42A8-7478-4E4D-A003-9BC30A82A4E9}.Release|Any CPU.Build.0 = Release|Any CPU
	EndGlobalSection
	GlobalSection(SolutionProperties) = preSolution
		HideSolutionNode = FALSE
	EndGlobalSection
	GlobalSection(ExtensibilityGlobals) = postSolution
		SolutionGuid = {A6BEAF06-0913-4D9E-BA85-38099C0D3543}
	EndGlobalSection
EndGlobal
